<?xml version="1.0" encoding="utf-8"?>
<Project ToolsVersion="4.0" xmlns="http://schemas.microsoft.com/developer/msbuild/2003">
  <ItemGroup>
    <Filter Include="源文件">
      <UniqueIdentifier>{4FC737F1-C7A5-4376-A066-2A32D752A2FF}</UniqueIdentifier>
      <Extensions>cpp;c;cc;cxx;def;odl;idl;hpj;bat;asm;asmx</Extensions>
    </Filter>
    <Filter Include="头文件">
      <UniqueIdentifier>{93995380-89BD-4b04-88EB-625FBE52EBFB}</UniqueIdentifier>
      <Extensions>h;hh;hpp;hxx;hm;inl;inc;xsd</Extensions>
    </Filter>
    <Filter Include="资源文件">
      <UniqueIdentifier>{67DA6AB6-F800-4c08-8B7A-83BB121AAD01}</UniqueIdentifier>
      <Extensions>rc;ico;cur;bmp;dlg;rc2;rct;bin;rgs;gif;jpg;jpeg;jpe;resx;tiff;tif;png;wav;mfcribbon-ms</Extensions>
    </Filter>
    <Filter Include="头文件\shapemodel">
      <UniqueIdentifier>{1f456e47-6f6b-4671-ba16-f0385cc06b65}</UniqueIdentifier>
    </Filter>
    <Filter Include="源文件\shapemodel">
      <UniqueIdentifier>{f603e9e8-94ad-47d9-be80-373c3800c4ca}</UniqueIdentifier>
    </Filter>
    <Filter Include="源文件\src">
      <UniqueIdentifier>{63c16db3-1ed6-493a-80e7-cd5ba6463f9b}</UniqueIdentifier>
    </Filter>
    <Filter Include="头文件\include">
      <UniqueIdentifier>{8c84b304-5ff0-485f-b5fc-db4392c88def}</UniqueIdentifier>
    </Filter>
  </ItemGroup>
  <ItemGroup>
    <ClCompile Include="main.cpp">
      <Filter>源文件</Filter>
    </ClCompile>
    <ClCompile Include="shapemodel\cshapepose.cpp">
      <Filter>源文件\shapemodel</Filter>
    </ClCompile>
    <ClCompile Include="shapemodel\CTMesh-30DOF.cpp">
      <Filter>源文件\shapemodel</Filter>
    </ClCompile>
    <ClCompile Include="shapemodel\NMath.cpp">
      <Filter>源文件\shapemodel</Filter>
    </ClCompile>
    <ClCompile Include="shapemodel\NRBM.cpp">
      <Filter>源文件\shapemodel</Filter>
    </ClCompile>
    <ClCompile Include="shapemodel\paramMap.cpp">
      <Filter>源文件\shapemodel</Filter>
    </ClCompile>
    <ClCompile Include="shapemodel\Show.cpp">
      <Filter>源文件\shapemodel</Filter>
    </ClCompile>
    <ClCompile Include="src\fitMesh.cpp">
      <Filter>源文件\src</Filter>
    </ClCompile>
    <ClCompile Include="src\kdNNTree.cpp">
      <Filter>源文件\src</Filter>
    </ClCompile>
    <ClCompile Include="src\tools.cpp">
      <Filter>源文件\src</Filter>
    </ClCompile>
    <ClCompile Include="win-libs.cpp">
      <Filter>源文件</Filter>
    </ClCompile>
  </ItemGroup>
  <ItemGroup>
    <ClInclude Include="main.h">
      <Filter>头文件</Filter>
    </ClInclude>
    <ClInclude Include="include\fitMesh.h">
      <Filter>头文件\include</Filter>
    </ClInclude>
    <ClInclude Include="include\kdNNTree.h">
      <Filter>头文件\include</Filter>
    </ClInclude>
    <ClInclude Include="include\miniBLAS.hpp">
      <Filter>头文件\include</Filter>
    </ClInclude>
    <ClInclude Include="include\tools.h">
      <Filter>头文件\include</Filter>
    </ClInclude>
    <ClInclude Include="shapemodel\CMatrix.h">
      <Filter>头文件\shapemodel</Filter>
    </ClInclude>
    <ClInclude Include="shapemodel\cshapepose.h">
      <Filter>头文件\shapemodel</Filter>
    </ClInclude>
    <ClInclude Include="shapemodel\CTMesh.h">
      <Filter>头文件\shapemodel</Filter>
    </ClInclude>
    <ClInclude Include="shapemodel\CVector.h">
      <Filter>头文件\shapemodel</Filter>
    </ClInclude>
  </ItemGroup>
</Project>